// !$*UTF8*$!
{
	archiveVersion = 1;
	classes = {
	};
	objectVersion = 77;
	objects = {

/* Begin PBXContainerItemProxy section */
		ED1DAB412CC6A6C1006E0DB9 /* PBXContainerItemProxy */ = {
			isa = PBXContainerItemProxy;
			containerPortal = ED1DAB282CC6A6BF006E0DB9 /* Project object */;
			proxyType = 1;
			remoteGlobalIDString = ED1DAB2F2CC6A6BF006E0DB9;
			remoteInfo = Resume;
		};
		ED1DAB4B2CC6A6C1006E0DB9 /* PBXContainerItemProxy */ = {
			isa = PBXContainerItemProxy;
			containerPortal = ED1DAB282CC6A6BF006E0DB9 /* Project object */;
			proxyType = 1;
			remoteGlobalIDString = ED1DAB2F2CC6A6BF006E0DB9;
			remoteInfo = Resume;
		};
/* End PBXContainerItemProxy section */

/* Begin PBXFileReference section */
		ED1DAB302CC6A6BF006E0DB9 /* Resume.app */ = {isa = PBXFileReference; explicitFileType = wrapper.application; includeInIndex = 0; path = Resume.app; sourceTree = BUILT_PRODUCTS_DIR; };
		ED1DAB402CC6A6C1006E0DB9 /* ResumeTests.xctest */ = {isa = PBXFileReference; explicitFileType = wrapper.cfbundle; includeInIndex = 0; path = ResumeTests.xctest; sourceTree = BUILT_PRODUCTS_DIR; };
		ED1DAB4A2CC6A6C1006E0DB9 /* ResumeUITests.xctest */ = {isa = PBXFileReference; explicitFileType = wrapper.cfbundle; includeInIndex = 0; path = ResumeUITests.xctest; sourceTree = BUILT_PRODUCTS_DIR; };
/* End PBXFileReference section */

/* Begin PBXFileSystemSynchronizedRootGroup section */
		ED1DAB322CC6A6BF006E0DB9 /* Resume */ = {
			isa = PBXFileSystemSynchronizedRootGroup;
			path = Resume;
			sourceTree = "<group>";
		};
		ED1DAB432CC6A6C1006E0DB9 /* ResumeTests */ = {
			isa = PBXFileSystemSynchronizedRootGroup;
			path = ResumeTests;
			sourceTree = "<group>";
		};
		ED1DAB4D2CC6A6C1006E0DB9 /* ResumeUITests */ = {
			isa = PBXFileSystemSynchronizedRootGroup;
			path = ResumeUITests;
			sourceTree = "<group>";
		};
/* End PBXFileSystemSynchronizedRootGroup section */

/* Begin PBXFrameworksBuildPhase section */
		ED1DAB2D2CC6A6BF006E0DB9 /* Frameworks */ = {
			isa = PBXFrameworksBuildPhase;
			buildActionMask = 2147483647;
			files = (
			);
			runOnlyForDeploymentPostprocessing = 0;
		};
		ED1DAB3D2CC6A6C1006E0DB9 /* Frameworks */ = {
			isa = PBXFrameworksBuildPhase;
			buildActionMask = 2147483647;
			files = (
			);
			runOnlyForDeploymentPostprocessing = 0;
		};
		ED1DAB472CC6A6C1006E0DB9 /* Frameworks */ = {
			isa = PBXFrameworksBuildPhase;
			buildActionMask = 2147483647;
			files = (
			);
			runOnlyForDeploymentPostprocessing = 0;
		};
/* End PBXFrameworksBuildPhase section */

/* Begin PBXGroup section */
		ED1DAB272CC6A6BF006E0DB9 = {
			isa = PBXGroup;
			children = (
				ED1DAB322CC6A6BF006E0DB9 /* Resume */,
				ED1DAB432CC6A6C1006E0DB9 /* ResumeTests */,
				ED1DAB4D2CC6A6C1006E0DB9 /* ResumeUITests */,
				ED1DAB312CC6A6BF006E0DB9 /* Products */,
			);
			sourceTree = "<group>";
		};
		ED1DAB312CC6A6BF006E0DB9 /* Products */ = {
			isa = PBXGroup;
			children = (
				ED1DAB302CC6A6BF006E0DB9 /* Resume.app */,
				ED1DAB402CC6A6C1006E0DB9 /* ResumeTests.xctest */,
				ED1DAB4A2CC6A6C1006E0DB9 /* ResumeUITests.xctest */,
			);
			name = Products;
			sourceTree = "<group>";
		};
/* End PBXGroup section */

/* Begin PBXNativeTarget section */
		ED1DAB2F2CC6A6BF006E0DB9 /* Resume */ = {
			isa = PBXNativeTarget;
			buildConfigurationList = ED1DAB542CC6A6C1006E0DB9 /* Build configuration list for PBXNativeTarget "Resume" */;
			buildPhases = (
				ED1DAB2C2CC6A6BF006E0DB9 /* Sources */,
				ED1DAB2D2CC6A6BF006E0DB9 /* Frameworks */,
				ED1DAB2E2CC6A6BF006E0DB9 /* Resources */,
			);
			buildRules = (
			);
			dependencies = (
			);
			fileSystemSynchronizedGroups = (
				ED1DAB322CC6A6BF006E0DB9 /* Resume */,
			);
			name = Resume;
			packageProductDependencies = (
			);
			productName = Resume;
			productReference = ED1DAB302CC6A6BF006E0DB9 /* Resume.app */;
			productType = "com.apple.product-type.application";
		};
		ED1DAB3F2CC6A6C1006E0DB9 /* ResumeTests */ = {
			isa = PBXNativeTarget;
			buildConfigurationList = ED1DAB572CC6A6C1006E0DB9 /* Build configuration list for PBXNativeTarget "ResumeTests" */;
			buildPhases = (
				ED1DAB3C2CC6A6C1006E0DB9 /* Sources */,
				ED1DAB3D2CC6A6C1006E0DB9 /* Frameworks */,
				ED1DAB3E2CC6A6C1006E0DB9 /* Resources */,
			);
			buildRules = (
			);
			dependencies = (
				ED1DAB422CC6A6C1006E0DB9 /* PBXTargetDependency */,
			);
			fileSystemSynchronizedGroups = (
				ED1DAB432CC6A6C1006E0DB9 /* ResumeTests */,
			);
			name = ResumeTests;
			packageProductDependencies = (
			);
			productName = ResumeTests;
			productReference = ED1DAB402CC6A6C1006E0DB9 /* ResumeTests.xctest */;
			productType = "com.apple.product-type.bundle.unit-test";
		};
		ED1DAB492CC6A6C1006E0DB9 /* ResumeUITests */ = {
			isa = PBXNativeTarget;
			buildConfigurationList = ED1DAB5A2CC6A6C1006E0DB9 /* Build configuration list for PBXNativeTarget "ResumeUITests" */;
			buildPhases = (
				ED1DAB462CC6A6C1006E0DB9 /* Sources */,
				ED1DAB472CC6A6C1006E0DB9 /* Frameworks */,
				ED1DAB482CC6A6C1006E0DB9 /* Resources */,
			);
			buildRules = (
			);
			dependencies = (
				ED1DAB4C2CC6A6C1006E0DB9 /* PBXTargetDependency */,
			);
			fileSystemSynchronizedGroups = (
				ED1DAB4D2CC6A6C1006E0DB9 /* ResumeUITests */,
			);
			name = ResumeUITests;
			packageProductDependencies = (
			);
			productName = ResumeUITests;
			productReference = ED1DAB4A2CC6A6C1006E0DB9 /* ResumeUITests.xctest */;
			productType = "com.apple.product-type.bundle.ui-testing";
		};
/* End PBXNativeTarget section */

/* Begin PBXProject section */
		ED1DAB282CC6A6BF006E0DB9 /* Project object */ = {
			isa = PBXProject;
			attributes = {
				BuildIndependentTargetsInParallel = 1;
				LastSwiftUpdateCheck = 1600;
				LastUpgradeCheck = 1600;
				TargetAttributes = {
					ED1DAB2F2CC6A6BF006E0DB9 = {
						CreatedOnToolsVersion = 16.0;
					};
					ED1DAB3F2CC6A6C1006E0DB9 = {
						CreatedOnToolsVersion = 16.0;
						TestTargetID = ED1DAB2F2CC6A6BF006E0DB9;
					};
					ED1DAB492CC6A6C1006E0DB9 = {
						CreatedOnToolsVersion = 16.0;
						TestTargetID = ED1DAB2F2CC6A6BF006E0DB9;
					};
				};
			};
			buildConfigurationList = ED1DAB2B2CC6A6BF006E0DB9 /* Build configuration list for PBXProject "Resume" */;
			developmentRegion = en;
			hasScannedForEncodings = 0;
			knownRegions = (
				en,
				Base,
			);
			mainGroup = ED1DAB272CC6A6BF006E0DB9;
			minimizedProjectReferenceProxies = 1;
			preferredProjectObjectVersion = 77;
			productRefGroup = ED1DAB312CC6A6BF006E0DB9 /* Products */;
			projectDirPath = "";
			projectRoot = "";
			targets = (
				ED1DAB2F2CC6A6BF006E0DB9 /* Resume */,
				ED1DAB3F2CC6A6C1006E0DB9 /* ResumeTests */,
				ED1DAB492CC6A6C1006E0DB9 /* ResumeUITests */,
			);
		};
/* End PBXProject section */

/* Begin PBXResourcesBuildPhase section */
		ED1DAB2E2CC6A6BF006E0DB9 /* Resources */ = {
			isa = PBXResourcesBuildPhase;
			buildActionMask = 2147483647;
			files = (
			);
			runOnlyForDeploymentPostprocessing = 0;
		};
		ED1DAB3E2CC6A6C1006E0DB9 /* Resources */ = {
			isa = PBXResourcesBuildPhase;
			buildActionMask = 2147483647;
			files = (
			);
			runOnlyForDeploymentPostprocessing = 0;
		};
		ED1DAB482CC6A6C1006E0DB9 /* Resources */ = {
			isa = PBXResourcesBuildPhase;
			buildActionMask = 2147483647;
			files = (
			);
			runOnlyForDeploymentPostprocessing = 0;
		};
/* End PBXResourcesBuildPhase section */

/* Begin PBXSourcesBuildPhase section */
		ED1DAB2C2CC6A6BF006E0DB9 /* Sources */ = {
			isa = PBXSourcesBuildPhase;
			buildActionMask = 2147483647;
			files = (
			);
			runOnlyForDeploymentPostprocessing = 0;
		};
		ED1DAB3C2CC6A6C1006E0DB9 /* Sources */ = {
			isa = PBXSourcesBuildPhase;
			buildActionMask = 2147483647;
			files = (
			);
			runOnlyForDeploymentPostprocessing = 0;
		};
		ED1DAB462CC6A6C1006E0DB9 /* Sources */ = {
			isa = PBXSourcesBuildPhase;
			buildActionMask = 2147483647;
			files = (
			);
			runOnlyForDeploymentPostprocessing = 0;
		};
/* End PBXSourcesBuildPhase section */

/* Begin PBXTargetDependency section */
		ED1DAB422CC6A6C1006E0DB9 /* PBXTargetDependency */ = {
			isa = PBXTargetDependency;
			target = ED1DAB2F2CC6A6BF006E0DB9 /* Resume */;
			targetProxy = ED1DAB412CC6A6C1006E0DB9 /* PBXContainerItemProxy */;
		};
		ED1DAB4C2CC6A6C1006E0DB9 /* PBXTargetDependency */ = {
			isa = PBXTargetDependency;
			target = ED1DAB2F2CC6A6BF006E0DB9 /* Resume */;
			targetProxy = ED1DAB4B2CC6A6C1006E0DB9 /* PBXContainerItemProxy */;
		};
/* End PBXTargetDependency section */

/* Begin XCBuildConfiguration section */
		ED1DAB522CC6A6C1006E0DB9 /* Debug */ = {
			isa = XCBuildConfiguration;
			buildSettings = {
				ALWAYS_SEARCH_USER_PATHS = NO;
				ASSETCATALOG_COMPILER_GENERATE_SWIFT_ASSET_SYMBOL_EXTENSIONS = YES;
				CLANG_ANALYZER_NONNULL = YES;
				CLANG_ANALYZER_NUMBER_OBJECT_CONVERSION = YES_AGGRESSIVE;
				CLANG_CXX_LANGUAGE_STANDARD = "gnu++20";
				CLANG_ENABLE_MODULES = YES;
				CLANG_ENABLE_OBJC_ARC = YES;
				CLANG_ENABLE_OBJC_WEAK = YES;
				CLANG_WARN_BLOCK_CAPTURE_AUTORELEASING = YES;
				CLANG_WARN_BOOL_CONVERSION = YES;
				CLANG_WARN_COMMA = YES;
				CLANG_WARN_CONSTANT_CONVERSION = YES;
				CLANG_WARN_DEPRECATED_OBJC_IMPLEMENTATIONS = YES;
				CLANG_WARN_DIRECT_OBJC_ISA_USAGE = YES_ERROR;
				CLANG_WARN_DOCUMENTATION_COMMENTS = YES;
				CLANG_WARN_EMPTY_BODY = YES;
				CLANG_WARN_ENUM_CONVERSION = YES;
				CLANG_WARN_INFINITE_RECURSION = YES;
				CLANG_WARN_INT_CONVERSION = YES;
				CLANG_WARN_NON_LITERAL_NULL_CONVERSION = YES;
				CLANG_WARN_OBJC_IMPLICIT_RETAIN_SELF = YES;
				CLANG_WARN_OBJC_LITERAL_CONVERSION = YES;
				CLANG_WARN_OBJC_ROOT_CLASS = YES_ERROR;
				CLANG_WARN_QUOTED_INCLUDE_IN_FRAMEWORK_HEADER = YES;
				CLANG_WARN_RANGE_LOOP_ANALYSIS = YES;
				CLANG_WARN_STRICT_PROTOTYPES = YES;
				CLANG_WARN_SUSPICIOUS_MOVE = YES;
				CLANG_WARN_UNGUARDED_AVAILABILITY = YES_AGGRESSIVE;
				CLANG_WARN_UNREACHABLE_CODE = YES;
				CLANG_WARN__DUPLICATE_METHOD_MATCH = YES;
				COPY_PHASE_STRIP = NO;
				DEBUG_INFORMATION_FORMAT = dwarf;
				ENABLE_STRICT_OBJC_MSGSEND = YES;
				ENABLE_TESTABILITY = YES;
				ENABLE_USER_SCRIPT_SANDBOXING = YES;
				GCC_C_LANGUAGE_STANDARD = gnu17;
				GCC_DYNAMIC_NO_PIC = NO;
				GCC_NO_COMMON_BLOCKS = YES;
				GCC_OPTIMIZATION_LEVEL = 0;
				GCC_PREPROCESSOR_DEFINITIONS = (
					"DEBUG=1",
					"$(inherited)",
				);
				GCC_WARN_64_TO_32_BIT_CONVERSION = YES;
				GCC_WARN_ABOUT_RETURN_TYPE = YES_ERROR;
				GCC_WARN_UNDECLARED_SELECTOR = YES;
				GCC_WARN_UNINITIALIZED_AUTOS = YES_AGGRESSIVE;
				GCC_WARN_UNUSED_FUNCTION = YES;
				GCC_WARN_UNUSED_VARIABLE = YES;
				IPHONEOS_DEPLOYMENT_TARGET = 18.0;
				LOCALIZATION_PREFERS_STRING_CATALOGS = YES;
				MTL_ENABLE_DEBUG_INFO = INCLUDE_SOURCE;
				MTL_FAST_MATH = YES;
				ONLY_ACTIVE_ARCH = YES;
				SDKROOT = iphoneos;
				SWIFT_ACTIVE_COMPILATION_CONDITIONS = "DEBUG $(inherited)";
				SWIFT_OPTIMIZATION_LEVEL = "-Onone";
			};
			name = Debug;
		};
		ED1DAB532CC6A6C1006E0DB9 /* Release */ = {
			isa = XCBuildConfiguration;
			buildSettings = {
				ALWAYS_SEARCH_USER_PATHS = NO;
				ASSETCATALOG_COMPILER_GENERATE_SWIFT_ASSET_SYMBOL_EXTENSIONS = YES;
				CLANG_ANALYZER_NONNULL = YES;
				CLANG_ANALYZER_NUMBER_OBJECT_CONVERSION = YES_AGGRESSIVE;
				CLANG_CXX_LANGUAGE_STANDARD = "gnu++20";
				CLANG_ENABLE_MODULES = YES;
				CLANG_ENABLE_OBJC_ARC = YES;
				CLANG_ENABLE_OBJC_WEAK = YES;
				CLANG_WARN_BLOCK_CAPTURE_AUTORELEASING = YES;
				CLANG_WARN_BOOL_CONVERSION = YES;
				CLANG_WARN_COMMA = YES;
				CLANG_WARN_CONSTANT_CONVERSION = YES;
				CLANG_WARN_DEPRECATED_OBJC_IMPLEMENTATIONS = YES;
				CLANG_WARN_DIRECT_OBJC_ISA_USAGE = YES_ERROR;
				CLANG_WARN_DOCUMENTATION_COMMENTS = YES;
				CLANG_WARN_EMPTY_BODY = YES;
				CLANG_WARN_ENUM_CONVERSION = YES;
				CLANG_WARN_INFINITE_RECURSION = YES;
				CLANG_WARN_INT_CONVERSION = YES;
				CLANG_WARN_NON_LITERAL_NULL_CONVERSION = YES;
				CLANG_WARN_OBJC_IMPLICIT_RETAIN_SELF = YES;
				CLANG_WARN_OBJC_LITERAL_CONVERSION = YES;
				CLANG_WARN_OBJC_ROOT_CLASS = YES_ERROR;
				CLANG_WARN_QUOTED_INCLUDE_IN_FRAMEWORK_HEADER = YES;
				CLANG_WARN_RANGE_LOOP_ANALYSIS = YES;
				CLANG_WARN_STRICT_PROTOTYPES = YES;
				CLANG_WARN_SUSPICIOUS_MOVE = YES;
				CLANG_WARN_UNGUARDED_AVAILABILITY = YES_AGGRESSIVE;
				CLANG_WARN_UNREACHABLE_CODE = YES;
				CLANG_WARN__DUPLICATE_METHOD_MATCH = YES;
				COPY_PHASE_STRIP = NO;
				DEBUG_INFORMATION_FORMAT = "dwarf-with-dsym";
				ENABLE_NS_ASSERTIONS = NO;
				ENABLE_STRICT_OBJC_MSGSEND = YES;
				ENABLE_USER_SCRIPT_SANDBOXING = YES;
				GCC_C_LANGUAGE_STANDARD = gnu17;
				GCC_NO_COMMON_BLOCKS = YES;
				GCC_WARN_64_TO_32_BIT_CONVERSION = YES;
				GCC_WARN_ABOUT_RETURN_TYPE = YES_ERROR;
				GCC_WARN_UNDECLARED_SELECTOR = YES;
				GCC_WARN_UNINITIALIZED_AUTOS = YES_AGGRESSIVE;
				GCC_WARN_UNUSED_FUNCTION = YES;
				GCC_WARN_UNUSED_VARIABLE = YES;
				IPHONEOS_DEPLOYMENT_TARGET = 18.0;
				LOCALIZATION_PREFERS_STRING_CATALOGS = YES;
				MTL_ENABLE_DEBUG_INFO = NO;
				MTL_FAST_MATH = YES;
				SDKROOT = iphoneos;
				SWIFT_COMPILATION_MODE = wholemodule;
				VALIDATE_PRODUCT = YES;
			};
			name = Release;
		};
		ED1DAB552CC6A6C1006E0DB9 /* Debug */ = {
			isa = XCBuildConfiguration;
			buildSettings = {
				ASSETCATALOG_COMPILER_APPICON_NAME = AppIcon;
				ASSETCATALOG_COMPILER_GLOBAL_ACCENT_COLOR_NAME = AccentColor;
				CODE_SIGN_STYLE = Automatic;
				CURRENT_PROJECT_VERSION = 1;
				DEVELOPMENT_ASSET_PATHS = "\"Resume/Preview Content\"";
				ENABLE_PREVIEWS = YES;
				GENERATE_INFOPLIST_FILE = YES;
				INFOPLIST_KEY_UIApplicationSceneManifest_Generation = YES;
				INFOPLIST_KEY_UIApplicationSupportsIndirectInputEvents = YES;
				INFOPLIST_KEY_UILaunchScreen_Generation = YES;
				INFOPLIST_KEY_UISupportedInterfaceOrientations_iPad = "UIInterfaceOrientationPortrait UIInterfaceOrientationPortraitUpsideDown UIInterfaceOrientationLandscapeLeft UIInterfaceOrientationLandscapeRight";
				INFOPLIST_KEY_UISupportedInterfaceOrientations_iPhone = "UIInterfaceOrientationPortrait UIInterfaceOrientationLandscapeLeft UIInterfaceOrientationLandscapeRight";
				LD_RUNPATH_SEARCH_PATHS = (
					"$(inherited)",
					"@executable_path/Frameworks",
				);
				MARKETING_VERSION = 1.0;
				PRODUCT_BUNDLE_IDENTIFIER = com.jlmann.Resume;
				PRODUCT_NAME = "$(TARGET_NAME)";
				SWIFT_EMIT_LOC_STRINGS = YES;
				SWIFT_VERSION = 5.0;
				TARGETED_DEVICE_FAMILY = "1,2";
			};
			name = Debug;
		};
		ED1DAB562CC6A6C1006E0DB9 /* Release */ = {
			isa = XCBuildConfiguration;
			buildSettings = {
				ASSETCATALOG_COMPILER_APPICON_NAME = AppIcon;
				ASSETCATALOG_COMPILER_GLOBAL_ACCENT_COLOR_NAME = AccentColor;
				CODE_SIGN_STYLE = Automatic;
				CURRENT_PROJECT_VERSION = 1;
				DEVELOPMENT_ASSET_PATHS = "\"Resume/Preview Content\"";
				ENABLE_PREVIEWS = YES;
				GENERATE_INFOPLIST_FILE = YES;
				INFOPLIST_KEY_UIApplicationSceneManifest_Generation = YES;
				INFOPLIST_KEY_UIApplicationSupportsIndirectInputEvents = YES;
				INFOPLIST_KEY_UILaunchScreen_Generation = YES;
				INFOPLIST_KEY_UISupportedInterfaceOrientations_iPad = "UIInterfaceOrientationPortrait UIInterfaceOrientationPortraitUpsideDown UIInterfaceOrientationLandscapeLeft UIInterfaceOrientationLandscapeRight";
				INFOPLIST_KEY_UISupportedInterfaceOrientations_iPhone = "UIInterfaceOrientationPortrait UIInterfaceOrientationLandscapeLeft UIInterfaceOrientationLandscapeRight";
				LD_RUNPATH_SEARCH_PATHS = (
					"$(inherited)",
					"@executable_path/Frameworks",
				);
				MARKETING_VERSION = 1.0;
				PRODUCT_BUNDLE_IDENTIFIER = com.jlmann.Resume;
				PRODUCT_NAME = "$(TARGET_NAME)";
				SWIFT_EMIT_LOC_STRINGS = YES;
				SWIFT_VERSION = 5.0;
				TARGETED_DEVICE_FAMILY = "1,2";
			};
			name = Release;
		};
		ED1DAB582CC6A6C1006E0DB9 /* Debug */ = {
			isa = XCBuildConfiguration;
			buildSettings = {
				BUNDLE_LOADER = "$(TEST_HOST)";
				CODE_SIGN_STYLE = Automatic;
				CURRENT_PROJECT_VERSION = 1;
				GENERATE_INFOPLIST_FILE = YES;
				IPHONEOS_DEPLOYMENT_TARGET = 18.0;
				MARKETING_VERSION = 1.0;
				PRODUCT_BUNDLE_IDENTIFIER = com.jlmann.ResumeTests;
				PRODUCT_NAME = "$(TARGET_NAME)";
				SWIFT_EMIT_LOC_STRINGS = NO;
				SWIFT_VERSION = 5.0;
				TARGETED_DEVICE_FAMILY = "1,2";
				TEST_HOST = "$(BUILT_PRODUCTS_DIR)/Resume.app/$(BUNDLE_EXECUTABLE_FOLDER_PATH)/Resume";
			};
			name = Debug;
		};
		ED1DAB592CC6A6C1006E0DB9 /* Release */ = {
			isa = XCBuildConfiguration;
			buildSettings = {
				BUNDLE_LOADER = "$(TEST_HOST)";
				CODE_SIGN_STYLE = Automatic;
				CURRENT_PROJECT_VERSION = 1;
				GENERATE_INFOPLIST_FILE = YES;
				IPHONEOS_DEPLOYMENT_TARGET = 18.0;
				MARKETING_VERSION = 1.0;
				PRODUCT_BUNDLE_IDENTIFIER = com.jlmann.ResumeTests;
				PRODUCT_NAME = "$(TARGET_NAME)";
				SWIFT_EMIT_LOC_STRINGS = NO;
				SWIFT_VERSION = 5.0;
				TARGETED_DEVICE_FAMILY = "1,2";
				TEST_HOST = "$(BUILT_PRODUCTS_DIR)/Resume.app/$(BUNDLE_EXECUTABLE_FOLDER_PATH)/Resume";
			};
			name = Release;
		};
		ED1DAB5B2CC6A6C1006E0DB9 /* Debug */ = {
			isa = XCBuildConfiguration;
			buildSettings = {
				CODE_SIGN_STYLE = Automatic;
				CURRENT_PROJECT_VERSION = 1;
				GENERATE_INFOPLIST_FILE = YES;
				MARKETING_VERSION = 1.0;
				PRODUCT_BUNDLE_IDENTIFIER = com.jlmann.ResumeUITests;
				PRODUCT_NAME = "$(TARGET_NAME)";
				SWIFT_EMIT_LOC_STRINGS = NO;
				SWIFT_VERSION = 5.0;
				TARGETED_DEVICE_FAMILY = "1,2";
				TEST_TARGET_NAME = Resume;
			};
			name = Debug;
		};
		ED1DAB5C2CC6A6C1006E0DB9 /* Release */ = {
			isa = XCBuildConfiguration;
			buildSettings = {
				CODE_SIGN_STYLE = Automatic;
				CURRENT_PROJECT_VERSION = 1;
				GENERATE_INFOPLIST_FILE = YES;
				MARKETING_VERSION = 1.0;
				PRODUCT_BUNDLE_IDENTIFIER = com.jlmann.ResumeUITests;
				PRODUCT_NAME = "$(TARGET_NAME)";
				SWIFT_EMIT_LOC_STRINGS = NO;
				SWIFT_VERSION = 5.0;
				TARGETED_DEVICE_FAMILY = "1,2";
				TEST_TARGET_NAME = Resume;
			};
			name = Release;
		};
/* End XCBuildConfiguration section */

/* Begin XCConfigurationList section */
		ED1DAB2B2CC6A6BF006E0DB9 /* Build configuration list for PBXProject "Resume" */ = {
			isa = XCConfigurationList;
			buildConfigurations = (
				ED1DAB522CC6A6C1006E0DB9 /* Debug */,
				ED1DAB532CC6A6C1006E0DB9 /* Release */,
			);
			defaultConfigurationIsVisible = 0;
			defaultConfigurationName = Release;
		};
		ED1DAB542CC6A6C1006E0DB9 /* Build configuration list for PBXNativeTarget "Resume" */ = {
			isa = XCConfigurationList;
			buildConfigurations = (
				ED1DAB552CC6A6C1006E0DB9 /* Debug */,
				ED1DAB562CC6A6C1006E0DB9 /* Release */,
			);
			defaultConfigurationIsVisible = 0;
			defaultConfigurationName = Release;
		};
		ED1DAB572CC6A6C1006E0DB9 /* Build configuration list for PBXNativeTarget "ResumeTests" */ = {
			isa = XCConfigurationList;
			buildConfigurations = (
				ED1DAB582CC6A6C1006E0DB9 /* Debug */,
				ED1DAB592CC6A6C1006E0DB9 /* Release */,
			);
			defaultConfigurationIsVisible = 0;
			defaultConfigurationName = Release;
		};
		ED1DAB5A2CC6A6C1006E0DB9 /* Build configuration list for PBXNativeTarget "ResumeUITests" */ = {
			isa = XCConfigurationList;
			buildConfigurations = (
				ED1DAB5B2CC6A6C1006E0DB9 /* Debug */,
				ED1DAB5C2CC6A6C1006E0DB9 /* Release */,
			);
			defaultConfigurationIsVisible = 0;
			defaultConfigurationName = Release;
		};
/* End XCConfigurationList section */
	};
	rootObject = ED1DAB282CC6A6BF006E0DB9 /* Project object */;
}
